
Microsoft Visual Studio Solution File, Format Version 12.00
# Visual Studio Version 17
VisualStudioVersion = 17.0.32014.148
MinimumVisualStudioVersion = 10.0.40219.1
Project("{FAE04EC0-301F-11D3-BF4B-00C04F79EFBC}") = "HashTable", "HashTable.csproj", "{7C425F33-94DE-431E-A50B-6B93A74C6144}"
EndProject
Global
	GlobalSection(SolutionConfigurationPlatforms) = preSolution
		Debug|Any CPU = Debug|Any CPU
		Release|Any CPU = Release|Any CPU
	EndGlobalSection
	GlobalSection(ProjectConfigurationPlatforms) = postSolution
		{7C425F33-94DE-431E-A50B-6B93A74C6144}.Debug|Any CPU.ActiveCfg = Debug|Any CPU
		{7C425F33-94DE-431E-A50B-6B93A74C6144}.Debug|Any CPU.Build.0 = Debug|Any CPU
		{7C425F33-94DE-431E-A50B-6B93A74C6144}.Release|Any CPU.ActiveCfg = Release|Any CPU
		{7C425F33-94DE-431E-A50B-6B93A74C6144}.Release|Any CPU.Build.0 = Release|Any CPU
	EndGlobalSection
	GlobalSection(SolutionProperties) = preSolution
		HideSolutionNode = FALSE
	EndGlobalSection
	GlobalSection(ExtensibilityGlobals) = postSolution
		SolutionGuid = {EF0D2D90-F620-4088-B974-8F4DCD904E7E}
	EndGlobalSection
EndGlobal
